
Microsoft Visual Studio Solution File, Format Version 12.00
# Visual Studio Version 17
VisualStudioVersion = 17.4.33213.308
MinimumVisualStudioVersion = 10.0.40219.1
Project("{9A19103F-16F7-4668-BE54-9A1E7A4F7556}") = "ProjetoFilmes.API", "ProjetoFilmes.API\ProjetoFilmes.API.csproj", "{74040C59-5DD0-460A-BE1C-A696F4930712}"
EndProject
Project("{9A19103F-16F7-4668-BE54-9A1E7A4F7556}") = "ProjetoFilmes.LIB", "ProjetoFilmes.LIB\ProjetoFilmes.LIB.csproj", "{82B54B83-1C0F-4B17-A624-95C182F15D08}"
EndProject
Project("{FAE04EC0-301F-11D3-BF4B-00C04F79EFBC}") = "ProjetoFilmes.MVC", "ProjetoFilmes.MVC\ProjetoFilmes.MVC.csproj", "{6F182C99-1BC2-4DAB-AB6B-6B6845FD9E7A}"
EndProject
Global
	GlobalSection(SolutionConfigurationPlatforms) = preSolution
		Debug|Any CPU = Debug|Any CPU
		Release|Any CPU = Release|Any CPU
	EndGlobalSection
	GlobalSection(ProjectConfigurationPlatforms) = postSolution
		{74040C59-5DD0-460A-BE1C-A696F4930712}.Debug|Any CPU.ActiveCfg = Debug|Any CPU
		{74040C59-5DD0-460A-BE1C-A696F4930712}.Debug|Any CPU.Build.0 = Debug|Any CPU
		{74040C59-5DD0-460A-BE1C-A696F4930712}.Release|Any CPU.ActiveCfg = Release|Any CPU
		{74040C59-5DD0-460A-BE1C-A696F4930712}.Release|Any CPU.Build.0 = Release|Any CPU
		{82B54B83-1C0F-4B17-A624-95C182F15D08}.Debug|Any CPU.ActiveCfg = Debug|Any CPU
		{82B54B83-1C0F-4B17-A624-95C182F15D08}.Debug|Any CPU.Build.0 = Debug|Any CPU
		{82B54B83-1C0F-4B17-A624-95C182F15D08}.Release|Any CPU.ActiveCfg = Release|Any CPU
		{82B54B83-1C0F-4B17-A624-95C182F15D08}.Release|Any CPU.Build.0 = Release|Any CPU
		{6F182C99-1BC2-4DAB-AB6B-6B6845FD9E7A}.Debug|Any CPU.ActiveCfg = Debug|Any CPU
		{6F182C99-1BC2-4DAB-AB6B-6B6845FD9E7A}.Debug|Any CPU.Build.0 = Debug|Any CPU
		{6F182C99-1BC2-4DAB-AB6B-6B6845FD9E7A}.Release|Any CPU.ActiveCfg = Release|Any CPU
		{6F182C99-1BC2-4DAB-AB6B-6B6845FD9E7A}.Release|Any CPU.Build.0 = Release|Any CPU
	EndGlobalSection
	GlobalSection(SolutionProperties) = preSolution
		HideSolutionNode = FALSE
	EndGlobalSection
	GlobalSection(ExtensibilityGlobals) = postSolution
		SolutionGuid = {CBF4F4BB-84A6-4450-8E1E-CC6D48224349}
	EndGlobalSection
EndGlobal
